
Microsoft Visual Studio Solution File, Format Version 12.00
# Visual Studio 15
Project("{FAE04EC0-301F-11D3-BF4B-00C04F79EFBC}") = "Priests_and_Devils", "Assembly-CSharp.csproj", "{83992FD7-CE74-82E4-8A9A-B27F4D597772}"
EndProject
Global
	GlobalSection(SolutionConfigurationPlatforms) = preSolution
		Debug|Any CPU = Debug|Any CPU
		Release|Any CPU = Release|Any CPU
	EndGlobalSection
	GlobalSection(ProjectConfigurationPlatforms) = postSolution
		{83992FD7-CE74-82E4-8A9A-B27F4D597772}.Debug|Any CPU.ActiveCfg = Debug|Any CPU
		{83992FD7-CE74-82E4-8A9A-B27F4D597772}.Debug|Any CPU.Build.0 = Debug|Any CPU
		{83992FD7-CE74-82E4-8A9A-B27F4D597772}.Release|Any CPU.ActiveCfg = Release|Any CPU
		{83992FD7-CE74-82E4-8A9A-B27F4D597772}.Release|Any CPU.Build.0 = Release|Any CPU
	EndGlobalSection
	GlobalSection(SolutionProperties) = preSolution
		HideSolutionNode = FALSE
	EndGlobalSection
EndGlobal
